
Microsoft Visual Studio Solution File, Format Version 12.00
# Visual Studio Version 17
VisualStudioVersion = 17.9.34622.214
MinimumVisualStudioVersion = 10.0.40219.1
Project("{9A19103F-16F7-4668-BE54-9A1E7A4F7556}") = "Foxo", "Foxo\Foxo.csproj", "{8134A330-7BEF-4BAF-8F8D-B705046408B5}"
EndProject
Project("{FAE04EC0-301F-11D3-BF4B-00C04F79EFBC}") = "FoxoLib", "FoxoLib\FoxoLib.csproj", "{AF9ABE09-23BA-42DD-AA99-3A774C5B1B6B}"
EndProject
Global
	GlobalSection(SolutionConfigurationPlatforms) = preSolution
		Debug|Any CPU = Debug|Any CPU
		Release|Any CPU = Release|Any CPU
	EndGlobalSection
	GlobalSection(ProjectConfigurationPlatforms) = postSolution
		{8134A330-7BEF-4BAF-8F8D-B705046408B5}.Debug|Any CPU.ActiveCfg = Debug|Any CPU
		{8134A330-7BEF-4BAF-8F8D-B705046408B5}.Debug|Any CPU.Build.0 = Debug|Any CPU
		{8134A330-7BEF-4BAF-8F8D-B705046408B5}.Release|Any CPU.ActiveCfg = Release|Any CPU
		{8134A330-7BEF-4BAF-8F8D-B705046408B5}.Release|Any CPU.Build.0 = Release|Any CPU
		{AF9ABE09-23BA-42DD-AA99-3A774C5B1B6B}.Debug|Any CPU.ActiveCfg = Debug|Any CPU
		{AF9ABE09-23BA-42DD-AA99-3A774C5B1B6B}.Debug|Any CPU.Build.0 = Debug|Any CPU
		{AF9ABE09-23BA-42DD-AA99-3A774C5B1B6B}.Release|Any CPU.ActiveCfg = Release|Any CPU
		{AF9ABE09-23BA-42DD-AA99-3A774C5B1B6B}.Release|Any CPU.Build.0 = Release|Any CPU
	EndGlobalSection
	GlobalSection(SolutionProperties) = preSolution
		HideSolutionNode = FALSE
	EndGlobalSection
	GlobalSection(ExtensibilityGlobals) = postSolution
		SolutionGuid = {5896A838-0145-4D1E-A529-C346A3BFF30A}
	EndGlobalSection
EndGlobal
